# THIS IS AN AUTOGENERATED FILE. DO NOT EDIT THIS FILE DIRECTLY.
# yarn lockfile v1


"@types/aws-lambda@^8.10.92":
  version "8.10.123"
  resolved "https://registry.yarnpkg.com/@types/aws-lambda/-/aws-lambda-8.10.123.tgz#e65c3c57a7e6d3a5a5baedeaeedc989d25b7b34f"
  integrity sha512-YBxxrA5fZzt1UFslJFBXH4AJUjkxu5ePv9RPjrpq5Tif5Xi2YhG3P8RAJfXXWL5/M6wPrlzlAMqaMM5ysci/EQ==
